
Microsoft Visual Studio Solution File, Format Version 12.00
# Visual Studio Version 16
VisualStudioVersion = 16.0.30611.23
MinimumVisualStudioVersion = 10.0.40219.1
Project("{9A19103F-16F7-4668-BE54-9A1E7A4F7556}") = "Iruza", "Iruza.csproj", "{C1F72583-7E4B-4709-926B-8D3B750A532F}"
EndProject
Global
	GlobalSection(SolutionConfigurationPlatforms) = preSolution
		Debug|Any CPU = Debug|Any CPU
		Release|Any CPU = Release|Any CPU
	EndGlobalSection
	GlobalSection(ProjectConfigurationPlatforms) = postSolution
		{C1F72583-7E4B-4709-926B-8D3B750A532F}.Debug|Any CPU.ActiveCfg = Debug|Any CPU
		{C1F72583-7E4B-4709-926B-8D3B750A532F}.Debug|Any CPU.Build.0 = Debug|Any CPU
		{C1F72583-7E4B-4709-926B-8D3B750A532F}.Release|Any CPU.ActiveCfg = Release|Any CPU
		{C1F72583-7E4B-4709-926B-8D3B750A532F}.Release|Any CPU.Build.0 = Release|Any CPU
	EndGlobalSection
	GlobalSection(SolutionProperties) = preSolution
		HideSolutionNode = FALSE
	EndGlobalSection
	GlobalSection(ExtensibilityGlobals) = postSolution
		SolutionGuid = {E7FC5E0E-071D-4DA3-B4FE-766D2A52E008}
	EndGlobalSection
EndGlobal
